
Microsoft Visual Studio Solution File, Format Version 12.00
# Visual Studio Version 16
VisualStudioVersion = 16.0.29123.88
MinimumVisualStudioVersion = 10.0.40219.1
Project("{FAE04EC0-301F-11D3-BF4B-00C04F79EFBC}") = "ImageProcessing", "ImageProcessing\ImageProcessing.csproj", "{A37C6485-B63B-47BF-9E94-916669DE30F0}"
EndProject
Global
	GlobalSection(SolutionConfigurationPlatforms) = preSolution
		Debug|Any CPU = Debug|Any CPU
		Release|Any CPU = Release|Any CPU
	EndGlobalSection
	GlobalSection(ProjectConfigurationPlatforms) = postSolution
		{A37C6485-B63B-47BF-9E94-916669DE30F0}.Debug|Any CPU.ActiveCfg = Debug|Any CPU
		{A37C6485-B63B-47BF-9E94-916669DE30F0}.Debug|Any CPU.Build.0 = Debug|Any CPU
		{A37C6485-B63B-47BF-9E94-916669DE30F0}.Release|Any CPU.ActiveCfg = Release|Any CPU
		{A37C6485-B63B-47BF-9E94-916669DE30F0}.Release|Any CPU.Build.0 = Release|Any CPU
	EndGlobalSection
	GlobalSection(SolutionProperties) = preSolution
		HideSolutionNode = FALSE
	EndGlobalSection
	GlobalSection(ExtensibilityGlobals) = postSolution
		SolutionGuid = {F08A72C0-2EB0-40BE-B7A0-A56C12B00C3F}
	EndGlobalSection
EndGlobal
